<?xml version="1.0" encoding="UTF-8" standalone="yes" ?>
<CodeBlocks_project_file>
	<FileVersion major="1" minor="6" />
	<Project>
		<Option title="TestCharBag" />
		<Option pch_mode="2" />
		<Option compiler="gcc" />
		<Build>
			<Target title="Debug">
				<Option output="TestCharBag_bin/Debug/TestCharBag" prefix_auto="1" extension_auto="1" />
				<Option object_output="TestCharBag_obj/Debug/" />
				<Option type="1" />
				<Option compiler="gcc" />
				<Compiler>
					<Add option="-g" />
				</Compiler>
			</Target>
			<Target title="Release">
				<Option output="TestCharBag_bin/Release/TestCharBag" prefix_auto="1" extension_auto="1" />
				<Option object_output="TestCharBag_obj/Release/" />
				<Option type="1" />
				<Option compiler="gcc" />
				<Compiler>
					<Add option="-O2" />
				</Compiler>
				<Linker>
					<Add option="-s" />
				</Linker>
			</Target>
		</Build>
		<Compiler>
			<Add option="-Wall" />
			<Add option="-fexceptions" />
		</Compiler>
		<Unit filename="CharBag.cpp" />
		<Unit filename="CharBag.h" />
		<Unit filename="List.cpp" />
		<Unit filename="List.h" />
		<Unit filename="TestCharBag.cpp" />
		<Extensions>
			<code_completion />
			<debugger />
		</Extensions>
	</Project>
</CodeBlocks_project_file>
